
Microsoft Visual Studio Solution File, Format Version 12.00
# Visual Studio Version 16
VisualStudioVersion = 16.0.29609.76
MinimumVisualStudioVersion = 10.0.40219.1
Project("{FAE04EC0-301F-11D3-BF4B-00C04F79EFBC}") = "Presupuesto_G", "Presupuesto_G.csproj", "{091CB194-2E20-4D9F-97AD-AFD87AC66430}"
EndProject
Global
	GlobalSection(SolutionConfigurationPlatforms) = preSolution
		Debug|Any CPU = Debug|Any CPU
		Release|Any CPU = Release|Any CPU
	EndGlobalSection
	GlobalSection(ProjectConfigurationPlatforms) = postSolution
		{091CB194-2E20-4D9F-97AD-AFD87AC66430}.Debug|Any CPU.ActiveCfg = Debug|Any CPU
		{091CB194-2E20-4D9F-97AD-AFD87AC66430}.Debug|Any CPU.Build.0 = Debug|Any CPU
		{091CB194-2E20-4D9F-97AD-AFD87AC66430}.Release|Any CPU.ActiveCfg = Release|Any CPU
		{091CB194-2E20-4D9F-97AD-AFD87AC66430}.Release|Any CPU.Build.0 = Release|Any CPU
	EndGlobalSection
	GlobalSection(SolutionProperties) = preSolution
		HideSolutionNode = FALSE
	EndGlobalSection
	GlobalSection(ExtensibilityGlobals) = postSolution
		SolutionGuid = {D10A18AD-8C01-4B7F-9C15-AF7CFA459866}
	EndGlobalSection
EndGlobal
